github.com/BurntSushi/toml v1.2.1 h1:9F2/+DoOYIOksmaJFPw1tGFy1eDnIJXg+UHjuD8lTak=
github.com/BurntSushi/toml v1.2.1/go.mod h1:CxXYINrC8qIiEnFrOxCa7Jy5BFHlXnUU2pbicEuybxQ=
github.com/davecgh/go-spew v1.1.0/go.mod h1:J7Y8YcW2NihsgmVo/mv3lAwl/skON4iLHjSsI+c5H38=
github.com/google/uuid v1.5.0 h1:1p67kYwdtXjb0gL0BPiP1Av9wiZPo5A8z2cWkTZ+eyU=
github.com/google/uuid v1.5.0/go.mod h1:TIyPZe4MgqvfeYDBFedMoGGpEw/LqOeaOT+nhxU+yHo=
github.com/mangoumbrella/goldmark-figure v1.0.0 h1:L+ebP73dET0a2n68PV7m5oFJmwwH5GzRIJLgszR3fwo=
github.com/mangoumbrella/goldmark-figure v1.0.0/go.mod h1:iIL+fhdmCQDpE0l/TKtGhokWzIbo5lo/Y2OIAcx6usI=
github.com/pmezard/go-difflib v1.0.0/go.mod h1:iKH77koFhYxTK1pcRnkKkqfTogsbg7gZNVY4sRDYZ/4=
github.com/stretchr/objx v0.1.0/go.mod h1:HFkY916IF+rwdDfMAkV7OtwuqBVzrE8GR6GFx+wExME=
github.com/stretchr/testify v1.7.0/go.mod h1:6Fq8oRcR53rry900zMqJjRRixrwX3KX962/h/Wwjteg=
github.com/yuin/goldmark v1.1.32/go.mod h1:3hX8gzYuyVAZsxl0MRgGTJEmQBFcNTphYh9decYSb74=
github.com/yuin/goldmark v1.6.0 h1:boZcn2GTjpsynOsC0iJHnBWa4Bi0qzfJjthwauItG68=
github.com/yuin/goldmark v1.6.0/go.mod h1:6yULJ656Px+3vBD8DxQVa3kxgyrAnzto9xy5taEt/CY=
go.abhg.dev/goldmark/anchor v0.1.1 h1:NUH3hAzhfeymRqZKOkSoFReZlEAmfXBZlbXEzpD2Qgc=
go.abhg.dev/goldmark/anchor v0.1.1/go.mod h1:zYKiaHXTdugwVJRZqInVdmNGQRM3ZRJ6AGBC7xP7its=
go.abhg.dev/goldmark/frontmatter v0.1.0 h1:NI9pAkz8irT/vZxxgzYe7rN93Q1+oYeHXfQkRZh37x4=
go.abhg.dev/goldmark/frontmatter v0.1.0/go.mod h1:XqrEkZuM57djk7zrlRUB02x8I5J0px76YjkOzhB4YlU=
go.abhg.dev/goldmark/wikilink v0.5.0 h1:/Gndy7+PoXzOc3reVWtXAh7Cni7wSqSxiuXDfmoYlm4=
go.abhg.dev/goldmark/wikilink v0.5.0/go.mod h1:W1NzvDIpo6uoayolBTCsIL6y/QRAHmLTKfUUDfR75DA=
gopkg.in/check.v1 v0.0.0-20161208181325-20d25e280405/go.mod h1:Co6ibVJAznAaIkqp8huTwlJQCZ016jof/cbN4VW5Yz0=
gopkg.in/yaml.v3 v3.0.0-20200313102051-9f266ea9e77c/go.mod h1:K4uyk7z7BCEPqu6E+C64Yfv1cQ7kz7rIZviUmN+EgEM=
gopkg.in/yaml.v3 v3.0.1 h1:fxVm/GzAzEWqLHuvctI91KS9hhNmmWOoWu0XTYJS7CA=
gopkg.in/yaml.v3 v3.0.1/go.mod h1:K4uyk7z7BCEPqu6E+C64Yfv1cQ7kz7rIZviUmN+EgEM=
